<Solution>
  <Folder Name="/src/">
    <Project Path="src/WebControl.Agent.Windows/WebControl.Agent.Windows.csproj" />
    <Project Path="src/WebControl.Core/WebControl.Core.csproj" />
    <Project Path="src/WebControl.Proxy/WebControl.Proxy.csproj" />
  </Folder>
  <Folder Name="/tests/">
    <Project Path="tests/WebControl.Tests/WebControl.Tests.csproj" />
  </Folder>
  <Folder Name="/tools/">
    <Project Path="tools/WebControl.Proxy.Host/WebControl.Proxy.Host.csproj" />
  </Folder>
</Solution>
